
Microsoft Visual Studio Solution File, Format Version 12.00
# Visual Studio Version 16
VisualStudioVersion = 16.0.31205.134
MinimumVisualStudioVersion = 10.0.40219.1
Project("{888888A0-9F3D-457C-B088-3A5042F75D52}") = "erp_server", "erp_server.pyproj", "{239E0A29-31BA-4E45-9826-A46CE1FBBF54}"
EndProject
Global
	GlobalSection(SolutionConfigurationPlatforms) = preSolution
		Debug|Any CPU = Debug|Any CPU
		Release|Any CPU = Release|Any CPU
	EndGlobalSection
	GlobalSection(ProjectConfigurationPlatforms) = postSolution
		{239E0A29-31BA-4E45-9826-A46CE1FBBF54}.Debug|Any CPU.ActiveCfg = Debug|Any CPU
		{239E0A29-31BA-4E45-9826-A46CE1FBBF54}.Release|Any CPU.ActiveCfg = Release|Any CPU
	EndGlobalSection
	GlobalSection(SolutionProperties) = preSolution
		HideSolutionNode = FALSE
	EndGlobalSection
	GlobalSection(ExtensibilityGlobals) = postSolution
		SolutionGuid = {F8E5E6A8-6A73-452F-A384-1843227B2244}
	EndGlobalSection
EndGlobal
